// !$*UTF8*$!
{
	archiveVersion = 1;
	classes = {
	};
	objectVersion = 50;
	objects = {

/* Begin PBXBuildFile section */
		94934B0D213CA5200039FD9F /* AppDelegate.swift in Sources */ = {isa = PBXBuildFile; fileRef = 94934B0C213CA5200039FD9F /* AppDelegate.swift */; };
		94934B0F213CA5200039FD9F /* MealViewController.swift in Sources */ = {isa = PBXBuildFile; fileRef = 94934B0E213CA5200039FD9F /* MealViewController.swift */; };
		94934B12213CA5200039FD9F /* Main.storyboard in Resources */ = {isa = PBXBuildFile; fileRef = 94934B10213CA5200039FD9F /* Main.storyboard */; };
		94934B14213CA5220039FD9F /* Assets.xcassets in Resources */ = {isa = PBXBuildFile; fileRef = 94934B13213CA5220039FD9F /* Assets.xcassets */; };
		94934B17213CA5220039FD9F /* LaunchScreen.storyboard in Resources */ = {isa = PBXBuildFile; fileRef = 94934B15213CA5220039FD9F /* LaunchScreen.storyboard */; };
		94934B22213CA5220039FD9F /* FoodTrackerTests.swift in Sources */ = {isa = PBXBuildFile; fileRef = 94934B21213CA5220039FD9F /* FoodTrackerTests.swift */; };
		94A1ECAF2140137F0084559E /* Meal.swift in Sources */ = {isa = PBXBuildFile; fileRef = 94A1ECAE2140137F0084559E /* Meal.swift */; };
		94B5A857214111FB00672B2D /* MealTableViewCell.swift in Sources */ = {isa = PBXBuildFile; fileRef = 94B5A856214111FB00672B2D /* MealTableViewCell.swift */; };
		94B5A85B21411AB500672B2D /* MealTableViewController.swift in Sources */ = {isa = PBXBuildFile; fileRef = 94B5A85A21411AB500672B2D /* MealTableViewController.swift */; };
		94E2338B213F4C8400EB1FBF /* RatingControlViewController.swift in Sources */ = {isa = PBXBuildFile; fileRef = 94E2338A213F4C8400EB1FBF /* RatingControlViewController.swift */; };
/* End PBXBuildFile section */

/* Begin PBXContainerItemProxy section */
		94934B1E213CA5220039FD9F /* PBXContainerItemProxy */ = {
			isa = PBXContainerItemProxy;
			containerPortal = 94934B01213CA5200039FD9F /* Project object */;
			proxyType = 1;
			remoteGlobalIDString = 94934B08213CA5200039FD9F;
			remoteInfo = FoodTracker;
		};
/* End PBXContainerItemProxy section */

/* Begin PBXFileReference section */
		94934B09213CA5200039FD9F /* FoodTracker.app */ = {isa = PBXFileReference; explicitFileType = wrapper.application; includeInIndex = 0; path = FoodTracker.app; sourceTree = BUILT_PRODUCTS_DIR; };
		94934B0C213CA5200039FD9F /* AppDelegate.swift */ = {isa = PBXFileReference; lastKnownFileType = sourcecode.swift; path = AppDelegate.swift; sourceTree = "<group>"; };
		94934B0E213CA5200039FD9F /* MealViewController.swift */ = {isa = PBXFileReference; lastKnownFileType = sourcecode.swift; path = MealViewController.swift; sourceTree = "<group>"; };
		94934B11213CA5200039FD9F /* Base */ = {isa = PBXFileReference; lastKnownFileType = file.storyboard; name = Base; path = Base.lproj/Main.storyboard; sourceTree = "<group>"; };
		94934B13213CA5220039FD9F /* Assets.xcassets */ = {isa = PBXFileReference; lastKnownFileType = folder.assetcatalog; path = Assets.xcassets; sourceTree = "<group>"; };
		94934B16213CA5220039FD9F /* Base */ = {isa = PBXFileReference; lastKnownFileType = file.storyboard; name = Base; path = Base.lproj/LaunchScreen.storyboard; sourceTree = "<group>"; };
		94934B18213CA5220039FD9F /* Info.plist */ = {isa = PBXFileReference; lastKnownFileType = text.plist.xml; path = Info.plist; sourceTree = "<group>"; };
		94934B1D213CA5220039FD9F /* FoodTrackerTests.xctest */ = {isa = PBXFileReference; explicitFileType = wrapper.cfbundle; includeInIndex = 0; path = FoodTrackerTests.xctest; sourceTree = BUILT_PRODUCTS_DIR; };
		94934B21213CA5220039FD9F /* FoodTrackerTests.swift */ = {isa = PBXFileReference; lastKnownFileType = sourcecode.swift; path = FoodTrackerTests.swift; sourceTree = "<group>"; };
		94934B23213CA5220039FD9F /* Info.plist */ = {isa = PBXFileReference; lastKnownFileType = text.plist.xml; path = Info.plist; sourceTree = "<group>"; };
		94A1ECAE2140137F0084559E /* Meal.swift */ = {isa = PBXFileReference; lastKnownFileType = sourcecode.swift; path = Meal.swift; sourceTree = "<group>"; };
		94B5A856214111FB00672B2D /* MealTableViewCell.swift */ = {isa = PBXFileReference; lastKnownFileType = sourcecode.swift; path = MealTableViewCell.swift; sourceTree = "<group>"; };
		94B5A85A21411AB500672B2D /* MealTableViewController.swift */ = {isa = PBXFileReference; lastKnownFileType = sourcecode.swift; path = MealTableViewController.swift; sourceTree = "<group>"; };
		94E2338A213F4C8400EB1FBF /* RatingControlViewController.swift */ = {isa = PBXFileReference; lastKnownFileType = sourcecode.swift; path = RatingControlViewController.swift; sourceTree = "<group>"; };
/* End PBXFileReference section */

/* Begin PBXFrameworksBuildPhase section */
		94934B06213CA5200039FD9F /* Frameworks */ = {
			isa = PBXFrameworksBuildPhase;
			buildActionMask = 2147483647;
			files = (
			);
			runOnlyForDeploymentPostprocessing = 0;
		};
		94934B1A213CA5220039FD9F /* Frameworks */ = {
			isa = PBXFrameworksBuildPhase;
			buildActionMask = 2147483647;
			files = (
			);
			runOnlyForDeploymentPostprocessing = 0;
		};
/* End PBXFrameworksBuildPhase section */

/* Begin PBXGroup section */
		94934B00213CA5200039FD9F = {
			isa = PBXGroup;
			children = (
				94934B0B213CA5200039FD9F /* FoodTracker */,
				94934B20213CA5220039FD9F /* FoodTrackerTests */,
				94934B0A213CA5200039FD9F /* Products */,
			);
			sourceTree = "<group>";
		};
		94934B0A213CA5200039FD9F /* Products */ = {
			isa = PBXGroup;
			children = (
				94934B09213CA5200039FD9F /* FoodTracker.app */,
				94934B1D213CA5220039FD9F /* FoodTrackerTests.xctest */,
			);
			name = Products;
			sourceTree = "<group>";
		};
		94934B0B213CA5200039FD9F /* FoodTracker */ = {
			isa = PBXGroup;
			children = (
				94934B10213CA5200039FD9F /* Main.storyboard */,
				94B5A856214111FB00672B2D /* MealTableViewCell.swift */,
				94B5A85A21411AB500672B2D /* MealTableViewController.swift */,
				94934B0C213CA5200039FD9F /* AppDelegate.swift */,
				94934B0E213CA5200039FD9F /* MealViewController.swift */,
				94E2338A213F4C8400EB1FBF /* RatingControlViewController.swift */,
				94A1ECAE2140137F0084559E /* Meal.swift */,
				94934B13213CA5220039FD9F /* Assets.xcassets */,
				94934B15213CA5220039FD9F /* LaunchScreen.storyboard */,
				94934B18213CA5220039FD9F /* Info.plist */,
			);
			path = FoodTracker;
			sourceTree = "<group>";
		};
		94934B20213CA5220039FD9F /* FoodTrackerTests */ = {
			isa = PBXGroup;
			children = (
				94934B21213CA5220039FD9F /* FoodTrackerTests.swift */,
				94934B23213CA5220039FD9F /* Info.plist */,
			);
			path = FoodTrackerTests;
			sourceTree = "<group>";
		};
/* End PBXGroup section */

/* Begin PBXNativeTarget section */
		94934B08213CA5200039FD9F /* FoodTracker */ = {
			isa = PBXNativeTarget;
			buildConfigurationList = 94934B26213CA5220039FD9F /* Build configuration list for PBXNativeTarget "FoodTracker" */;
			buildPhases = (
				94934B05213CA5200039FD9F /* Sources */,
				94934B06213CA5200039FD9F /* Frameworks */,
				94934B07213CA5200039FD9F /* Resources */,
			);
			buildRules = (
			);
			dependencies = (
			);
			name = FoodTracker;
			productName = FoodTracker;
			productReference = 94934B09213CA5200039FD9F /* FoodTracker.app */;
			productType = "com.apple.product-type.application";
		};
		94934B1C213CA5220039FD9F /* FoodTrackerTests */ = {
			isa = PBXNativeTarget;
			buildConfigurationList = 94934B29213CA5220039FD9F /* Build configuration list for PBXNativeTarget "FoodTrackerTests" */;
			buildPhases = (
				94934B19213CA5220039FD9F /* Sources */,
				94934B1A213CA5220039FD9F /* Frameworks */,
				94934B1B213CA5220039FD9F /* Resources */,
			);
			buildRules = (
			);
			dependencies = (
				94934B1F213CA5220039FD9F /* PBXTargetDependency */,
			);
			name = FoodTrackerTests;
			productName = FoodTrackerTests;
			productReference = 94934B1D213CA5220039FD9F /* FoodTrackerTests.xctest */;
			productType = "com.apple.product-type.bundle.unit-test";
		};
/* End PBXNativeTarget section */

/* Begin PBXProject section */
		94934B01213CA5200039FD9F /* Project object */ = {
			isa = PBXProject;
			attributes = {
				LastSwiftUpdateCheck = 0940;
				LastUpgradeCheck = 0940;
				ORGANIZATIONNAME = "ウエキチ";
				TargetAttributes = {
					94934B08213CA5200039FD9F = {
						CreatedOnToolsVersion = 9.4.1;
					};
					94934B1C213CA5220039FD9F = {
						CreatedOnToolsVersion = 9.4.1;
						TestTargetID = 94934B08213CA5200039FD9F;
					};
				};
			};
			buildConfigurationList = 94934B04213CA5200039FD9F /* Build configuration list for PBXProject "FoodTracker" */;
			compatibilityVersion = "Xcode 9.3";
			developmentRegion = en;
			hasScannedForEncodings = 0;
			knownRegions = (
				en,
				Base,
			);
			mainGroup = 94934B00213CA5200039FD9F;
			productRefGroup = 94934B0A213CA5200039FD9F /* Products */;
			projectDirPath = "";
			projectRoot = "";
			targets = (
				94934B08213CA5200039FD9F /* FoodTracker */,
				94934B1C213CA5220039FD9F /* FoodTrackerTests */,
			);
		};
/* End PBXProject section */

/* Begin PBXResourcesBuildPhase section */
		94934B07213CA5200039FD9F /* Resources */ = {
			isa = PBXResourcesBuildPhase;
			buildActionMask = 2147483647;
			files = (
				94934B17213CA5220039FD9F /* LaunchScreen.storyboard in Resources */,
				94934B14213CA5220039FD9F /* Assets.xcassets in Resources */,
				94934B12213CA5200039FD9F /* Main.storyboard in Resources */,
			);
			runOnlyForDeploymentPostprocessing = 0;
		};
		94934B1B213CA5220039FD9F /* Resources */ = {
			isa = PBXResourcesBuildPhase;
			buildActionMask = 2147483647;
			files = (
			);
			runOnlyForDeploymentPostprocessing = 0;
		};
/* End PBXResourcesBuildPhase section */

/* Begin PBXSourcesBuildPhase section */
		94934B05213CA5200039FD9F /* Sources */ = {
			isa = PBXSourcesBuildPhase;
			buildActionMask = 2147483647;
			files = (
				94A1ECAF2140137F0084559E /* Meal.swift in Sources */,
				94934B0F213CA5200039FD9F /* MealViewController.swift in Sources */,
				94934B0D213CA5200039FD9F /* AppDelegate.swift in Sources */,
				94E2338B213F4C8400EB1FBF /* RatingControlViewController.swift in Sources */,
				94B5A85B21411AB500672B2D /* MealTableViewController.swift in Sources */,
				94B5A857214111FB00672B2D /* MealTableViewCell.swift in Sources */,
			);
			runOnlyForDeploymentPostprocessing = 0;
		};
		94934B19213CA5220039FD9F /* Sources */ = {
			isa = PBXSourcesBuildPhase;
			buildActionMask = 2147483647;
			files = (
				94934B22213CA5220039FD9F /* FoodTrackerTests.swift in Sources */,
			);
			runOnlyForDeploymentPostprocessing = 0;
		};
/* End PBXSourcesBuildPhase section */

/* Begin PBXTargetDependency section */
		94934B1F213CA5220039FD9F /* PBXTargetDependency */ = {
			isa = PBXTargetDependency;
			target = 94934B08213CA5200039FD9F /* FoodTracker */;
			targetProxy = 94934B1E213CA5220039FD9F /* PBXContainerItemProxy */;
		};
/* End PBXTargetDependency section */

/* Begin PBXVariantGroup section */
		94934B10213CA5200039FD9F /* Main.storyboard */ = {
			isa = PBXVariantGroup;
			children = (
				94934B11213CA5200039FD9F /* Base */,
			);
			name = Main.storyboard;
			sourceTree = "<group>";
		};
		94934B15213CA5220039FD9F /* LaunchScreen.storyboard */ = {
			isa = PBXVariantGroup;
			children = (
				94934B16213CA5220039FD9F /* Base */,
			);
			name = LaunchScreen.storyboard;
			sourceTree = "<group>";
		};
/* End PBXVariantGroup section */

/* Begin XCBuildConfiguration section */
		94934B24213CA5220039FD9F /* Debug */ = {
			isa = XCBuildConfiguration;
			buildSettings = {
				ALWAYS_SEARCH_USER_PATHS = NO;
				CLANG_ANALYZER_NONNULL = YES;
				CLANG_ANALYZER_NUMBER_OBJECT_CONVERSION = YES_AGGRESSIVE;
				CLANG_CXX_LANGUAGE_STANDARD = "gnu++14";
				CLANG_CXX_LIBRARY = "libc++";
				CLANG_ENABLE_MODULES = YES;
				CLANG_ENABLE_OBJC_ARC = YES;
				CLANG_ENABLE_OBJC_WEAK = YES;
				CLANG_WARN_BLOCK_CAPTURE_AUTORELEASING = YES;
				CLANG_WARN_BOOL_CONVERSION = YES;
				CLANG_WARN_COMMA = YES;
				CLANG_WARN_CONSTANT_CONVERSION = YES;
				CLANG_WARN_DEPRECATED_OBJC_IMPLEMENTATIONS = YES;
				CLANG_WARN_DIRECT_OBJC_ISA_USAGE = YES_ERROR;
				CLANG_WARN_DOCUMENTATION_COMMENTS = YES;
				CLANG_WARN_EMPTY_BODY = YES;
				CLANG_WARN_ENUM_CONVERSION = YES;
				CLANG_WARN_INFINITE_RECURSION = YES;
				CLANG_WARN_INT_CONVERSION = YES;
				CLANG_WARN_NON_LITERAL_NULL_CONVERSION = YES;
				CLANG_WARN_OBJC_IMPLICIT_RETAIN_SELF = YES;
				CLANG_WARN_OBJC_LITERAL_CONVERSION = YES;
				CLANG_WARN_OBJC_ROOT_CLASS = YES_ERROR;
				CLANG_WARN_RANGE_LOOP_ANALYSIS = YES;
				CLANG_WARN_STRICT_PROTOTYPES = YES;
				CLANG_WARN_SUSPICIOUS_MOVE = YES;
				CLANG_WARN_UNGUARDED_AVAILABILITY = YES_AGGRESSIVE;
				CLANG_WARN_UNREACHABLE_CODE = YES;
				CLANG_WARN__DUPLICATE_METHOD_MATCH = YES;
				CODE_SIGN_IDENTITY = "iPhone Developer";
				COPY_PHASE_STRIP = NO;
				DEBUG_INFORMATION_FORMAT = dwarf;
				ENABLE_STRICT_OBJC_MSGSEND = YES;
				ENABLE_TESTABILITY = YES;
				GCC_C_LANGUAGE_STANDARD = gnu11;
				GCC_DYNAMIC_NO_PIC = NO;
				GCC_NO_COMMON_BLOCKS = YES;
				GCC_OPTIMIZATION_LEVEL = 0;
				GCC_PREPROCESSOR_DEFINITIONS = (
					"DEBUG=1",
					"$(inherited)",
				);
				GCC_WARN_64_TO_32_BIT_CONVERSION = YES;
				GCC_WARN_ABOUT_RETURN_TYPE = YES_ERROR;
				GCC_WARN_UNDECLARED_SELECTOR = YES;
				GCC_WARN_UNINITIALIZED_AUTOS = YES_AGGRESSIVE;
				GCC_WARN_UNUSED_FUNCTION = YES;
				GCC_WARN_UNUSED_VARIABLE = YES;
				IPHONEOS_DEPLOYMENT_TARGET = 11.4;
				MTL_ENABLE_DEBUG_INFO = YES;
				ONLY_ACTIVE_ARCH = YES;
				SDKROOT = iphoneos;
				SWIFT_ACTIVE_COMPILATION_CONDITIONS = DEBUG;
				SWIFT_OPTIMIZATION_LEVEL = "-Onone";
			};
			name = Debug;
		};
		94934B25213CA5220039FD9F /* Release */ = {
			isa = XCBuildConfiguration;
			buildSettings = {
				ALWAYS_SEARCH_USER_PATHS = NO;
				CLANG_ANALYZER_NONNULL = YES;
				CLANG_ANALYZER_NUMBER_OBJECT_CONVERSION = YES_AGGRESSIVE;
				CLANG_CXX_LANGUAGE_STANDARD = "gnu++14";
				CLANG_CXX_LIBRARY = "libc++";
				CLANG_ENABLE_MODULES = YES;
				CLANG_ENABLE_OBJC_ARC = YES;
				CLANG_ENABLE_OBJC_WEAK = YES;
				CLANG_WARN_BLOCK_CAPTURE_AUTORELEASING = YES;
				CLANG_WARN_BOOL_CONVERSION = YES;
				CLANG_WARN_COMMA = YES;
				CLANG_WARN_CONSTANT_CONVERSION = YES;
				CLANG_WARN_DEPRECATED_OBJC_IMPLEMENTATIONS = YES;
				CLANG_WARN_DIRECT_OBJC_ISA_USAGE = YES_ERROR;
				CLANG_WARN_DOCUMENTATION_COMMENTS = YES;
				CLANG_WARN_EMPTY_BODY = YES;
				CLANG_WARN_ENUM_CONVERSION = YES;
				CLANG_WARN_INFINITE_RECURSION = YES;
				CLANG_WARN_INT_CONVERSION = YES;
				CLANG_WARN_NON_LITERAL_NULL_CONVERSION = YES;
				CLANG_WARN_OBJC_IMPLICIT_RETAIN_SELF = YES;
				CLANG_WARN_OBJC_LITERAL_CONVERSION = YES;
				CLANG_WARN_OBJC_ROOT_CLASS = YES_ERROR;
				CLANG_WARN_RANGE_LOOP_ANALYSIS = YES;
				CLANG_WARN_STRICT_PROTOTYPES = YES;
				CLANG_WARN_SUSPICIOUS_MOVE = YES;
				CLANG_WARN_UNGUARDED_AVAILABILITY = YES_AGGRESSIVE;
				CLANG_WARN_UNREACHABLE_CODE = YES;
				CLANG_WARN__DUPLICATE_METHOD_MATCH = YES;
				CODE_SIGN_IDENTITY = "iPhone Developer";
				COPY_PHASE_STRIP = NO;
				DEBUG_INFORMATION_FORMAT = "dwarf-with-dsym";
				ENABLE_NS_ASSERTIONS = NO;
				ENABLE_STRICT_OBJC_MSGSEND = YES;
				GCC_C_LANGUAGE_STANDARD = gnu11;
				GCC_NO_COMMON_BLOCKS = YES;
				GCC_WARN_64_TO_32_BIT_CONVERSION = YES;
				GCC_WARN_ABOUT_RETURN_TYPE = YES_ERROR;
				GCC_WARN_UNDECLARED_SELECTOR = YES;
				GCC_WARN_UNINITIALIZED_AUTOS = YES_AGGRESSIVE;
				GCC_WARN_UNUSED_FUNCTION = YES;
				GCC_WARN_UNUSED_VARIABLE = YES;
				IPHONEOS_DEPLOYMENT_TARGET = 11.4;
				MTL_ENABLE_DEBUG_INFO = NO;
				SDKROOT = iphoneos;
				SWIFT_COMPILATION_MODE = wholemodule;
				SWIFT_OPTIMIZATION_LEVEL = "-O";
				VALIDATE_PRODUCT = YES;
			};
			name = Release;
		};
		94934B27213CA5220039FD9F /* Debug */ = {
			isa = XCBuildConfiguration;
			buildSettings = {
				ASSETCATALOG_COMPILER_APPICON_NAME = AppIcon;
				CODE_SIGN_STYLE = Automatic;
				DEVELOPMENT_TEAM = FP3LYFLWB3;
				INFOPLIST_FILE = FoodTracker/Info.plist;
				IPHONEOS_DEPLOYMENT_TARGET = 10.3;
				LD_RUNPATH_SEARCH_PATHS = (
					"$(inherited)",
					"@executable_path/Frameworks",
				);
				PRODUCT_BUNDLE_IDENTIFIER = "com.example.FoodTracker-Nyobischool";
				PRODUCT_NAME = "$(TARGET_NAME)";
				SWIFT_VERSION = 4.0;
				TARGETED_DEVICE_FAMILY = "1,2";
			};
			name = Debug;
		};
		94934B28213CA5220039FD9F /* Release */ = {
			isa = XCBuildConfiguration;
			buildSettings = {
				ASSETCATALOG_COMPILER_APPICON_NAME = AppIcon;
				CODE_SIGN_STYLE = Automatic;
				DEVELOPMENT_TEAM = FP3LYFLWB3;
				INFOPLIST_FILE = FoodTracker/Info.plist;
				IPHONEOS_DEPLOYMENT_TARGET = 10.3;
				LD_RUNPATH_SEARCH_PATHS = (
					"$(inherited)",
					"@executable_path/Frameworks",
				);
				PRODUCT_BUNDLE_IDENTIFIER = "com.example.FoodTracker-Nyobischool";
				PRODUCT_NAME = "$(TARGET_NAME)";
				SWIFT_VERSION = 4.0;
				TARGETED_DEVICE_FAMILY = "1,2";
			};
			name = Release;
		};
		94934B2A213CA5220039FD9F /* Debug */ = {
			isa = XCBuildConfiguration;
			buildSettings = {
				ALWAYS_EMBED_SWIFT_STANDARD_LIBRARIES = YES;
				BUNDLE_LOADER = "$(TEST_HOST)";
				CODE_SIGN_STYLE = Automatic;
				INFOPLIST_FILE = FoodTrackerTests/Info.plist;
				LD_RUNPATH_SEARCH_PATHS = (
					"$(inherited)",
					"@executable_path/Frameworks",
					"@loader_path/Frameworks",
				);
				PRODUCT_BUNDLE_IDENTIFIER = com.example.FoodTrackerTests;
				PRODUCT_NAME = "$(TARGET_NAME)";
				SWIFT_VERSION = 4.0;
				TARGETED_DEVICE_FAMILY = "1,2";
				TEST_HOST = "$(BUILT_PRODUCTS_DIR)/FoodTracker.app/FoodTracker";
			};
			name = Debug;
		};
		94934B2B213CA5220039FD9F /* Release */ = {
			isa = XCBuildConfiguration;
			buildSettings = {
				ALWAYS_EMBED_SWIFT_STANDARD_LIBRARIES = YES;
				BUNDLE_LOADER = "$(TEST_HOST)";
				CODE_SIGN_STYLE = Automatic;
				INFOPLIST_FILE = FoodTrackerTests/Info.plist;
				LD_RUNPATH_SEARCH_PATHS = (
					"$(inherited)",
					"@executable_path/Frameworks",
					"@loader_path/Frameworks",
				);
				PRODUCT_BUNDLE_IDENTIFIER = com.example.FoodTrackerTests;
				PRODUCT_NAME = "$(TARGET_NAME)";
				SWIFT_VERSION = 4.0;
				TARGETED_DEVICE_FAMILY = "1,2";
				TEST_HOST = "$(BUILT_PRODUCTS_DIR)/FoodTracker.app/FoodTracker";
			};
			name = Release;
		};
/* End XCBuildConfiguration section */

/* Begin XCConfigurationList section */
		94934B04213CA5200039FD9F /* Build configuration list for PBXProject "FoodTracker" */ = {
			isa = XCConfigurationList;
			buildConfigurations = (
				94934B24213CA5220039FD9F /* Debug */,
				94934B25213CA5220039FD9F /* Release */,
			);
			defaultConfigurationIsVisible = 0;
			defaultConfigurationName = Release;
		};
		94934B26213CA5220039FD9F /* Build configuration list for PBXNativeTarget "FoodTracker" */ = {
			isa = XCConfigurationList;
			buildConfigurations = (
				94934B27213CA5220039FD9F /* Debug */,
				94934B28213CA5220039FD9F /* Release */,
			);
			defaultConfigurationIsVisible = 0;
			defaultConfigurationName = Release;
		};
		94934B29213CA5220039FD9F /* Build configuration list for PBXNativeTarget "FoodTrackerTests" */ = {
			isa = XCConfigurationList;
			buildConfigurations = (
				94934B2A213CA5220039FD9F /* Debug */,
				94934B2B213CA5220039FD9F /* Release */,
			);
			defaultConfigurationIsVisible = 0;
			defaultConfigurationName = Release;
		};
/* End XCConfigurationList section */
	};
	rootObject = 94934B01213CA5200039FD9F /* Project object */;
}
